#MicroXplorer Configuration settings - do not modify
ADC1.CommonPathInternal=ADC_CHANNEL_VREFINT|null|null|null
ADC1.EOCSelection=ADC_EOC_SEQ_CONV
ADC1.EnableInjectedConversion=ENABLE
ADC1.EnableRegularConversion=DISABLE
ADC1.ExternalTrigInjecConv=ADC_EXTERNALTRIGINJEC_T1_TRGO
ADC1.IPParameters=EnableRegularConversion,EnableInjectedConversion,InjectedRank-3\#ChannelInjectedConversion,InjectedChannel-3\#ChannelInjectedConversion,InjectedSamplingTime-3\#ChannelInjectedConversion,InjectedOffsetNumber-3\#ChannelInjectedConversion,InjNumberOfConversion,ExternalTrigInjecConv,EOCSelection,injectedQueueMode,InjectedRank-4\#ChannelInjectedConversion,InjectedChannel-4\#ChannelInjectedConversion,InjectedSamplingTime-4\#ChannelInjectedConversion,InjectedOffsetNumber-4\#ChannelInjectedConversion,InjectedRank-5\#ChannelInjectedConversion,InjectedChannel-5\#ChannelInjectedConversion,InjectedSamplingTime-5\#ChannelInjectedConversion,InjectedOffsetNumber-5\#ChannelInjectedConversion,master,InjectedRank-6\#ChannelInjectedConversion,InjectedChannel-6\#ChannelInjectedConversion,Rank4_Channel,InjectedSamplingTime-6\#ChannelInjectedConversion,InjectedOffsetNumber-6\#ChannelInjectedConversion,CommonPathInternal
ADC1.InjNumberOfConversion=4
ADC1.InjectedChannel-3\#ChannelInjectedConversion=ADC_CHANNEL_VOPAMP1
ADC1.InjectedChannel-4\#ChannelInjectedConversion=ADC_CHANNEL_12
ADC1.InjectedChannel-5\#ChannelInjectedConversion=ADC_CHANNEL_3
ADC1.InjectedChannel-6\#ChannelInjectedConversion=ADC_CHANNEL_VREFINT
ADC1.InjectedOffsetNumber-3\#ChannelInjectedConversion=ADC_OFFSET_NONE
ADC1.InjectedOffsetNumber-4\#ChannelInjectedConversion=ADC_OFFSET_NONE
ADC1.InjectedOffsetNumber-5\#ChannelInjectedConversion=ADC_OFFSET_NONE
ADC1.InjectedOffsetNumber-6\#ChannelInjectedConversion=ADC_OFFSET_NONE
ADC1.InjectedRank-3\#ChannelInjectedConversion=1
ADC1.InjectedRank-4\#ChannelInjectedConversion=2
ADC1.InjectedRank-5\#ChannelInjectedConversion=3
ADC1.InjectedRank-6\#ChannelInjectedConversion=4
ADC1.InjectedSamplingTime-3\#ChannelInjectedConversion=ADC_SAMPLETIME_2CYCLES_5
ADC1.InjectedSamplingTime-4\#ChannelInjectedConversion=ADC_SAMPLETIME_2CYCLES_5
ADC1.InjectedSamplingTime-5\#ChannelInjectedConversion=ADC_SAMPLETIME_2CYCLES_5
ADC1.InjectedSamplingTime-6\#ChannelInjectedConversion=ADC_SAMPLETIME_6CYCLES_5
ADC1.Rank4_Channel=ADC_CHANNEL_VREFINT
ADC1.injectedQueueMode=DISABLE
ADC1.master=1
ADC2.CommonPathInternal=null|null|null|null
ADC2.EOCSelection=ADC_EOC_SEQ_CONV
ADC2.EnableInjectedConversion=ENABLE
ADC2.EnableRegularConversion=DISABLE
ADC2.ExternalTrigInjecConv=ADC_EXTERNALTRIGINJEC_T1_TRGO
ADC2.IPParameters=EnableRegularConversion,EnableInjectedConversion,InjectedRank-5\#ChannelInjectedConversion,InjectedChannel-5\#ChannelInjectedConversion,InjectedSamplingTime-5\#ChannelInjectedConversion,InjectedOffsetNumber-5\#ChannelInjectedConversion,InjNumberOfConversion,ExternalTrigInjecConv,EOCSelection,OversamplingMode,InjectedRank-8\#ChannelInjectedConversion,InjectedChannel-8\#ChannelInjectedConversion,InjectedSamplingTime-8\#ChannelInjectedConversion,InjectedOffsetNumber-8\#ChannelInjectedConversion,InjectedRank-9\#ChannelInjectedConversion,InjectedChannel-9\#ChannelInjectedConversion,InjectedSamplingTime-9\#ChannelInjectedConversion,InjectedOffsetNumber-9\#ChannelInjectedConversion,Rank3_Channel,Resolution,CommonPathInternal
ADC2.InjNumberOfConversion=3
ADC2.InjectedChannel-5\#ChannelInjectedConversion=ADC_CHANNEL_VOPAMP2
ADC2.InjectedChannel-8\#ChannelInjectedConversion=ADC_CHANNEL_VOPAMP3_ADC2
ADC2.InjectedChannel-9\#ChannelInjectedConversion=ADC_CHANNEL_3
ADC2.InjectedOffsetNumber-5\#ChannelInjectedConversion=ADC_OFFSET_NONE
ADC2.InjectedOffsetNumber-8\#ChannelInjectedConversion=ADC_OFFSET_NONE
ADC2.InjectedOffsetNumber-9\#ChannelInjectedConversion=ADC_OFFSET_NONE
ADC2.InjectedRank-5\#ChannelInjectedConversion=1
ADC2.InjectedRank-8\#ChannelInjectedConversion=2
ADC2.InjectedRank-9\#ChannelInjectedConversion=3
ADC2.InjectedSamplingTime-5\#ChannelInjectedConversion=ADC_SAMPLETIME_2CYCLES_5
ADC2.InjectedSamplingTime-8\#ChannelInjectedConversion=ADC_SAMPLETIME_2CYCLES_5
ADC2.InjectedSamplingTime-9\#ChannelInjectedConversion=ADC_SAMPLETIME_2CYCLES_5
ADC2.OversamplingMode=DISABLE
ADC2.Rank3_Channel=ADC_CHANNEL_3
ADC2.Resolution=ADC_RESOLUTION_12B
CAD.formats=
CAD.pinconfig=
CAD.provider=
FDCAN1.AutoRetransmission=DISABLE
FDCAN1.CalculateBaudRateNominal=1000000
FDCAN1.CalculateTimeBitNominal=1000
FDCAN1.CalculateTimeQuantumNominal=125.0
FDCAN1.ClockDivider=FDCAN_CLOCK_DIV2
FDCAN1.IPParameters=CalculateTimeQuantumNominal,CalculateTimeBitNominal,CalculateBaudRateNominal,ClockDivider,NominalPrescaler,NominalTimeSeg2,NominalTimeSeg1,StdFiltersNbr,TxFifoQueueMode,AutoRetransmission
FDCAN1.NominalPrescaler=9
FDCAN1.NominalTimeSeg1=5
FDCAN1.NominalTimeSeg2=2
FDCAN1.StdFiltersNbr=1
FDCAN1.TxFifoQueueMode=FDCAN_TX_FIFO_OPERATION
File.Version=6
I2C1.I2C_Speed_Mode=I2C_Fast
I2C1.IPParameters=Timing,I2C_Speed_Mode
I2C1.Timing=0x00E057FD
KeepUserPlacement=false
Mcu.CPN=STM32G431CBU6
Mcu.Family=STM32G4
Mcu.IP0=ADC1
Mcu.IP1=ADC2
Mcu.IP10=SYS
Mcu.IP11=TIM1
Mcu.IP12=TIM2
Mcu.IP13=TIM17
Mcu.IP14=USART2
Mcu.IP2=CORDIC
Mcu.IP3=FDCAN1
Mcu.IP4=I2C1
Mcu.IP5=NVIC
Mcu.IP6=OPAMP1
Mcu.IP7=OPAMP2
Mcu.IP8=OPAMP3
Mcu.IP9=RCC
Mcu.IPNb=15
Mcu.Name=STM32G431C(6-8-B)Ux
Mcu.Package=UFQFPN48
Mcu.Pin0=PC13
Mcu.Pin1=PC14-OSC32_IN
Mcu.Pin10=PB0
Mcu.Pin11=PB1
Mcu.Pin12=PB2
Mcu.Pin13=PB15
Mcu.Pin14=PC6
Mcu.Pin15=PA8
Mcu.Pin16=PA9
Mcu.Pin17=PA10
Mcu.Pin18=PA11
Mcu.Pin19=PA12
Mcu.Pin2=PF0-OSC_IN
Mcu.Pin20=PC10
Mcu.Pin21=PC11
Mcu.Pin22=PB3
Mcu.Pin23=PB4
Mcu.Pin24=PB7
Mcu.Pin25=PB8-BOOT0
Mcu.Pin26=PB9
Mcu.Pin27=VP_ADC1_OPAMP_INTERNAL1
Mcu.Pin28=VP_ADC1_Vref_Input
Mcu.Pin29=VP_ADC2_OPAMP_INTERNAL2
Mcu.Pin3=PF1-OSC_OUT
Mcu.Pin30=VP_ADC2_OPAMP_INTERNAL3
Mcu.Pin31=VP_CORDIC_VS_CORDIC
Mcu.Pin32=VP_SYS_VS_Systick
Mcu.Pin33=VP_SYS_VS_DBSignals
Mcu.Pin34=VP_TIM2_VS_ClockSourceINT
Mcu.Pin35=VP_TIM17_VS_ClockSourceINT
Mcu.Pin4=PA1
Mcu.Pin5=PA2
Mcu.Pin6=PA3
Mcu.Pin7=PA5
Mcu.Pin8=PA6
Mcu.Pin9=PA7
Mcu.PinsNb=36
Mcu.ThirdPartyNb=0
Mcu.UserConstants=
Mcu.UserName=STM32G431CBUx
MxCube.Version=6.10.0
MxDb.Version=DB.6.0.100
NVIC.ADC1_2_IRQn=true\:0\:0\:false\:false\:true\:true\:true\:true
NVIC.BusFault_IRQn=true\:0\:0\:false\:false\:true\:false\:false\:false
NVIC.DebugMonitor_IRQn=true\:0\:0\:false\:false\:true\:false\:false\:false
NVIC.FDCAN1_IT0_IRQn=true\:0\:0\:false\:false\:true\:true\:true\:true
NVIC.FDCAN1_IT1_IRQn=true\:0\:0\:false\:false\:true\:true\:true\:true
NVIC.ForceEnableDMAVector=true
NVIC.HardFault_IRQn=true\:0\:0\:false\:false\:true\:false\:false\:false
NVIC.I2C1_ER_IRQn=true\:0\:0\:false\:false\:true\:true\:true\:true
NVIC.I2C1_EV_IRQn=true\:0\:0\:false\:false\:true\:true\:true\:true
NVIC.MemoryManagement_IRQn=true\:0\:0\:false\:false\:true\:false\:false\:false
NVIC.NonMaskableInt_IRQn=true\:0\:0\:false\:false\:true\:false\:false\:false
NVIC.PendSV_IRQn=true\:0\:0\:false\:false\:true\:false\:false\:false
NVIC.PriorityGroup=NVIC_PRIORITYGROUP_4
NVIC.SVCall_IRQn=true\:0\:0\:false\:false\:true\:false\:false\:false
NVIC.SysTick_IRQn=true\:15\:0\:false\:false\:true\:false\:true\:false
NVIC.TIM1_TRG_COM_TIM17_IRQn=true\:0\:0\:false\:false\:true\:true\:true\:true
NVIC.UsageFault_IRQn=true\:0\:0\:false\:false\:true\:false\:false\:false
OPAMP1.IPParameters=PgaGain,PowerMode,UserTrimming,SelfCalibration
OPAMP1.PgaGain=OPAMP_PGA_GAIN_8_OR_MINUS_7
OPAMP1.PowerMode=OPAMP_POWERMODE_HIGHSPEED
OPAMP1.SelfCalibration=Enable
OPAMP1.UserTrimming=OPAMP_TRIMMING_USER
OPAMP2.IPParameters=PgaGain,PowerMode,UserTrimming,SelfCalibration
OPAMP2.PgaGain=OPAMP_PGA_GAIN_8_OR_MINUS_7
OPAMP2.PowerMode=OPAMP_POWERMODE_HIGHSPEED
OPAMP2.SelfCalibration=Enable
OPAMP2.UserTrimming=OPAMP_TRIMMING_USER
OPAMP3.IPParameters=PgaGain,PowerMode,UserTrimming,SelfCalibration
OPAMP3.PgaGain=OPAMP_PGA_GAIN_8_OR_MINUS_7
OPAMP3.PowerMode=OPAMP_POWERMODE_HIGHSPEED
OPAMP3.SelfCalibration=Enable
OPAMP3.UserTrimming=OPAMP_TRIMMING_USER
PA1.Mode=PGA Internally connected_IO0_BIAS
PA1.Signal=OPAMP1_VINP
PA10.Locked=true
PA10.Signal=S_TIM1_CH3
PA11.Mode=FDCAN_Activate
PA11.Signal=FDCAN1_RX
PA12.Locked=true
PA12.Mode=PWM Generation2 CH2 CH2N
PA12.Signal=TIM1_CH2N
PA2.Locked=true
PA2.Mode=IN3-Single-Ended
PA2.Signal=ADC1_IN3
PA3.Mode=PGA Internally connected_IO0_BIAS
PA3.Signal=OPAMP1_VINM0
PA5.Locked=true
PA5.Mode=PGA Internally connected_IO0_BIAS
PA5.Signal=OPAMP2_VINM0
PA6.Locked=true
PA6.Mode=IN3-Single-Ended
PA6.Signal=ADC2_IN3
PA7.Locked=true
PA7.Mode=PGA Internally connected_IO0_BIAS
PA7.Signal=OPAMP2_VINP
PA8.Locked=true
PA8.Signal=S_TIM1_CH1
PA9.Locked=true
PA9.Signal=S_TIM1_CH2
PB0.Mode=PGA Internally connected_IO0_BIAS
PB0.Signal=OPAMP3_VINP
PB1.Locked=true
PB1.Mode=IN12-Single-Ended
PB1.Signal=ADC1_IN12
PB15.Locked=true
PB15.Mode=PWM Generation3 CH3 CH3N
PB15.Signal=TIM1_CH3N
PB2.Mode=PGA Internally connected_IO0_BIAS
PB2.Signal=OPAMP3_VINM0
PB3.Locked=true
PB3.Mode=Asynchronous
PB3.Signal=USART2_TX
PB4.Locked=true
PB4.Mode=Asynchronous
PB4.Signal=USART2_RX
PB7.Locked=true
PB7.Mode=I2C
PB7.Signal=I2C1_SDA
PB8-BOOT0.Locked=true
PB8-BOOT0.Mode=I2C
PB8-BOOT0.Signal=I2C1_SCL
PB9.Locked=true
PB9.Mode=FDCAN_Activate
PB9.Signal=FDCAN1_TX
PC10.GPIOParameters=GPIO_Label
PC10.GPIO_Label=SW
PC10.Locked=true
PC10.Signal=GPIO_Input
PC11.GPIOParameters=GPIO_Label
PC11.GPIO_Label=CAN_SHDN
PC11.Locked=true
PC11.Signal=GPIO_Output
PC13.Locked=true
PC13.Mode=PWM Generation1 CH1 CH1N
PC13.Signal=TIM1_CH1N
PC14-OSC32_IN.GPIOParameters=GPIO_Label
PC14-OSC32_IN.GPIO_Label=CAN_R
PC14-OSC32_IN.Locked=true
PC14-OSC32_IN.Signal=GPIO_Output
PC6.GPIOParameters=GPIO_Label
PC6.GPIO_Label=LED
PC6.Locked=true
PC6.Signal=GPIO_Output
PF0-OSC_IN.Locked=true
PF0-OSC_IN.Mode=HSE-External-Oscillator
PF0-OSC_IN.Signal=RCC_OSC_IN
PF1-OSC_OUT.Locked=true
PF1-OSC_OUT.Mode=HSE-External-Oscillator
PF1-OSC_OUT.Signal=RCC_OSC_OUT
PinOutPanel.RotationAngle=0
ProjectManager.AskForMigrate=true
ProjectManager.BackupPrevious=false
ProjectManager.CompilerOptimize=6
ProjectManager.ComputerToolchain=false
ProjectManager.CoupleFile=true
ProjectManager.CustomerFirmwarePackage=
ProjectManager.DefaultFWLocation=true
ProjectManager.DeletePrevious=true
ProjectManager.DeviceId=STM32G431CBUx
ProjectManager.FirmwarePackage=STM32Cube FW_G4 V1.5.2
ProjectManager.FreePins=false
ProjectManager.HalAssertFull=false
ProjectManager.HeapSize=0x200
ProjectManager.KeepUserCode=true
ProjectManager.LastFirmware=true
ProjectManager.LibraryCopy=1
ProjectManager.MainLocation=Core/Src
ProjectManager.NoMain=false
ProjectManager.PreviousToolchain=
ProjectManager.ProjectBuild=false
ProjectManager.ProjectFileName=XYLMD_firmware.ioc
ProjectManager.ProjectName=XYLMD_firmware
ProjectManager.ProjectStructure=
ProjectManager.RegisterCallBack=
ProjectManager.StackSize=0x400
ProjectManager.TargetToolchain=STM32CubeIDE
ProjectManager.ToolChainLocation=
ProjectManager.UAScriptAfterPath=
ProjectManager.UAScriptBeforePath=
ProjectManager.UnderRoot=true
ProjectManager.functionlistsort=1-SystemClock_Config-RCC-false-HAL-false,2-MX_GPIO_Init-GPIO-false-HAL-true,3-MX_OPAMP1_Init-OPAMP1-false-HAL-true,4-MX_OPAMP2_Init-OPAMP2-false-HAL-true,5-MX_OPAMP3_Init-OPAMP3-false-HAL-true,6-MX_TIM1_Init-TIM1-false-HAL-true,7-MX_USART2_UART_Init-USART2-false-HAL-true,8-MX_TIM17_Init-TIM17-false-HAL-true,9-MX_ADC1_Init-ADC1-false-HAL-true,10-MX_ADC2_Init-ADC2-false-HAL-true,11-MX_I2C1_Init-I2C1-false-HAL-true,12-MX_CORDIC_Init-CORDIC-false-HAL-true,13-MX_TIM2_Init-TIM2-false-HAL-true,14-MX_FDCAN1_Init-FDCAN1-false-HAL-true
RCC.ADC12Freq_Value=144000000
RCC.AHBFreq_Value=144000000
RCC.APB1Freq_Value=144000000
RCC.APB1TimFreq_Value=144000000
RCC.APB2Freq_Value=144000000
RCC.APB2TimFreq_Value=144000000
RCC.CRSFreq_Value=48000000
RCC.CortexFreq_Value=144000000
RCC.EXTERNAL_CLOCK_VALUE=12288000
RCC.FCLKCortexFreq_Value=144000000
RCC.FDCANFreq_Value=144000000
RCC.FamilyName=M
RCC.HCLKFreq_Value=144000000
RCC.HSE_VALUE=8000000
RCC.HSI48_VALUE=48000000
RCC.HSI_VALUE=16000000
RCC.I2C1Freq_Value=144000000
RCC.I2C2Freq_Value=144000000
RCC.I2C3Freq_Value=144000000
RCC.I2SFreq_Value=144000000
RCC.IPParameters=ADC12Freq_Value,AHBFreq_Value,APB1Freq_Value,APB1TimFreq_Value,APB2Freq_Value,APB2TimFreq_Value,CRSFreq_Value,CortexFreq_Value,EXTERNAL_CLOCK_VALUE,FCLKCortexFreq_Value,FDCANFreq_Value,FamilyName,HCLKFreq_Value,HSE_VALUE,HSI48_VALUE,HSI_VALUE,I2C1Freq_Value,I2C2Freq_Value,I2C3Freq_Value,I2SFreq_Value,LPTIM1Freq_Value,LPUART1Freq_Value,LSCOPinFreq_Value,LSE_VALUE,LSI_VALUE,MCO1PinFreq_Value,PLLN,PLLPoutputFreq_Value,PLLQoutputFreq_Value,PLLRCLKFreq_Value,PWRFreq_Value,RNGFreq_Value,SAI1Freq_Value,SYSCLKFreq_VALUE,SYSCLKSource,USART1Freq_Value,USART2Freq_Value,USART3Freq_Value,USBFreq_Value,VCOInputFreq_Value,VCOOutputFreq_Value
RCC.LPTIM1Freq_Value=144000000
RCC.LPUART1Freq_Value=144000000
RCC.LSCOPinFreq_Value=32000
RCC.LSE_VALUE=32768
RCC.LSI_VALUE=32000
RCC.MCO1PinFreq_Value=16000000
RCC.PLLN=18
RCC.PLLPoutputFreq_Value=144000000
RCC.PLLQoutputFreq_Value=144000000
RCC.PLLRCLKFreq_Value=144000000
RCC.PWRFreq_Value=144000000
RCC.RNGFreq_Value=144000000
RCC.SAI1Freq_Value=144000000
RCC.SYSCLKFreq_VALUE=144000000
RCC.SYSCLKSource=RCC_SYSCLKSOURCE_PLLCLK
RCC.USART1Freq_Value=144000000
RCC.USART2Freq_Value=144000000
RCC.USART3Freq_Value=144000000
RCC.USBFreq_Value=144000000
RCC.VCOInputFreq_Value=16000000
RCC.VCOOutputFreq_Value=288000000
SH.S_TIM1_CH1.0=TIM1_CH1,PWM Generation1 CH1 CH1N
SH.S_TIM1_CH1.ConfNb=1
SH.S_TIM1_CH2.0=TIM1_CH2,PWM Generation2 CH2 CH2N
SH.S_TIM1_CH2.ConfNb=1
SH.S_TIM1_CH3.0=TIM1_CH3,PWM Generation3 CH3 CH3N
SH.S_TIM1_CH3.ConfNb=1
TIM1.AsymmetricalDeadTime=DISABLE
TIM1.Channel-PWM\ Generation1\ CH1\ CH1N=TIM_CHANNEL_1
TIM1.Channel-PWM\ Generation2\ CH2\ CH2N=TIM_CHANNEL_2
TIM1.Channel-PWM\ Generation3\ CH3\ CH3N=TIM_CHANNEL_3
TIM1.CounterMode=TIM_COUNTERMODE_CENTERALIGNED1
TIM1.DeadTime=50
TIM1.IPParameters=Channel-PWM Generation1 CH1 CH1N,Channel-PWM Generation2 CH2 CH2N,Channel-PWM Generation3 CH3 CH3N,Prescaler,PeriodNoDither,CounterMode,TIM_MasterOutputTrigger,DeadTime,TIM_MasterOutputTrigger2,RepetitionCounter,OCMode_PWM-PWM Generation1 CH1 CH1N,OCPolarity_1,OCNPolarity_1,OCMode_PWM-PWM Generation2 CH2 CH2N,OCPolarity_2,OCNPolarity_2,OCMode_PWM-PWM Generation3 CH3 CH3N,OCPolarity_3,OCNPolarity_3,AsymmetricalDeadTime
TIM1.OCMode_PWM-PWM\ Generation1\ CH1\ CH1N=TIM_OCMODE_PWM2
TIM1.OCMode_PWM-PWM\ Generation2\ CH2\ CH2N=TIM_OCMODE_PWM2
TIM1.OCMode_PWM-PWM\ Generation3\ CH3\ CH3N=TIM_OCMODE_PWM2
TIM1.OCNPolarity_1=TIM_OCNPOLARITY_HIGH
TIM1.OCNPolarity_2=TIM_OCNPOLARITY_HIGH
TIM1.OCNPolarity_3=TIM_OCNPOLARITY_HIGH
TIM1.OCPolarity_1=TIM_OCPOLARITY_HIGH
TIM1.OCPolarity_2=TIM_OCPOLARITY_HIGH
TIM1.OCPolarity_3=TIM_OCPOLARITY_HIGH
TIM1.PeriodNoDither=800-1
TIM1.Prescaler=5-1
TIM1.RepetitionCounter=3
TIM1.TIM_MasterOutputTrigger=TIM_TRGO_UPDATE
TIM1.TIM_MasterOutputTrigger2=TIM_TRGO2_UPDATE
TIM17.IPParameters=Prescaler,PeriodNoDither
TIM17.PeriodNoDither=1000
TIM17.Prescaler=144-1
USART2.IPParameters=VirtualMode-Asynchronous
USART2.VirtualMode-Asynchronous=VM_ASYNC
VP_ADC1_OPAMP_INTERNAL1.Mode=IN-OPAMP1
VP_ADC1_OPAMP_INTERNAL1.Signal=ADC1_OPAMP_INTERNAL1
VP_ADC1_Vref_Input.Mode=IN-Vrefint
VP_ADC1_Vref_Input.Signal=ADC1_Vref_Input
VP_ADC2_OPAMP_INTERNAL2.Mode=IN-OPAMP2
VP_ADC2_OPAMP_INTERNAL2.Signal=ADC2_OPAMP_INTERNAL2
VP_ADC2_OPAMP_INTERNAL3.Mode=IN-OPAMP3
VP_ADC2_OPAMP_INTERNAL3.Signal=ADC2_OPAMP_INTERNAL3
VP_CORDIC_VS_CORDIC.Mode=CORDIC_Activate
VP_CORDIC_VS_CORDIC.Signal=CORDIC_VS_CORDIC
VP_SYS_VS_DBSignals.Mode=DisableDeadBatterySignals
VP_SYS_VS_DBSignals.Signal=SYS_VS_DBSignals
VP_SYS_VS_Systick.Mode=SysTick
VP_SYS_VS_Systick.Signal=SYS_VS_Systick
VP_TIM17_VS_ClockSourceINT.Mode=Enable_Timer
VP_TIM17_VS_ClockSourceINT.Signal=TIM17_VS_ClockSourceINT
VP_TIM2_VS_ClockSourceINT.Mode=Internal
VP_TIM2_VS_ClockSourceINT.Signal=TIM2_VS_ClockSourceINT
board=custom
isbadioc=false
